
Microsoft Visual Studio Solution File, Format Version 12.00
# Visual Studio Version 16
VisualStudioVersion = 16.0.32126.315
MinimumVisualStudioVersion = 10.0.40219.1
Project("{159641D6-6404-4A2A-AE62-294DE0FE8301}") = "DeltaExtraction", "DeltaExtraction\DeltaExtraction.dtproj", "{AD6CD207-BA24-4396-BBD0-7237435A0986}"
EndProject
Global
	GlobalSection(SolutionConfigurationPlatforms) = preSolution
		Development|Default = Development|Default
	EndGlobalSection
	GlobalSection(ProjectConfigurationPlatforms) = postSolution
		{AD6CD207-BA24-4396-BBD0-7237435A0986}.Development|Default.ActiveCfg = Development
		{AD6CD207-BA24-4396-BBD0-7237435A0986}.Development|Default.Build.0 = Development
	EndGlobalSection
	GlobalSection(SolutionProperties) = preSolution
		HideSolutionNode = FALSE
	EndGlobalSection
	GlobalSection(ExtensibilityGlobals) = postSolution
		SolutionGuid = {9F444DFC-B3F0-484B-921E-B5CB654CE76B}
	EndGlobalSection
EndGlobal
